
Microsoft Visual Studio Solution File, Format Version 12.00
# Visual Studio Version 17
VisualStudioVersion = 17.13.35818.85
MinimumVisualStudioVersion = 10.0.40219.1
Project("{FAE04EC0-301F-11D3-BF4B-00C04F79EFBC}") = "Lab1. AsyncThread", "Lab1. AsyncThread\Lab1. AsyncThread.csproj", "{2EF83BB9-F4E8-4F58-AE34-217BA138A718}"
EndProject
Project("{FAE04EC0-301F-11D3-BF4B-00C04F79EFBC}") = "Lab2. Synchronization", "Lab2. Synchronization\Lab2. Synchronization.csproj", "{2A24F650-08D8-444F-BD76-CB2A5E47F218}"
EndProject
Project("{FAE04EC0-301F-11D3-BF4B-00C04F79EFBC}") = "Lab3. Synchronization", "Lab3. Synchronization\Lab3. Synchronization.csproj", "{C1CDEB6A-32B2-481B-95AB-852945FDB98A}"
EndProject
Project("{2150E333-8FDC-42A3-9474-1A3956D46DE8}") = "Solution Items", "Solution Items", "{8EC462FD-D22E-90A8-E5CE-7E832BA40C5D}"
	ProjectSection(SolutionItems) = preProject
		README.md = README.md
	EndProjectSection
EndProject
Project("{FAE04EC0-301F-11D3-BF4B-00C04F79EFBC}") = "Lab5. ParallelStudents", "Lab5. ParallelStudents\Lab5. ParallelStudents.csproj", "{D6B58CAB-D0D3-4B98-BC40-881DB1D5BE08}"
EndProject
Project("{FAE04EC0-301F-11D3-BF4B-00C04F79EFBC}") = "Lab4. SocketServer", "Lab4. SocketServer\Lab4. SocketServer.csproj", "{B2E33E8B-3824-4CB8-8ACD-A892CF1C51BF}"
EndProject
Project("{FAE04EC0-301F-11D3-BF4B-00C04F79EFBC}") = "Lab4. SocketClient", "Lab4. SocketClient\Lab4. SocketClient.csproj", "{51DDB6FE-425E-4406-9DA8-9F7351FEC14B}"
EndProject
Global
	GlobalSection(SolutionConfigurationPlatforms) = preSolution
		Debug|Any CPU = Debug|Any CPU
		Release|Any CPU = Release|Any CPU
	EndGlobalSection
	GlobalSection(ProjectConfigurationPlatforms) = postSolution
		{2EF83BB9-F4E8-4F58-AE34-217BA138A718}.Debug|Any CPU.ActiveCfg = Debug|Any CPU
		{2EF83BB9-F4E8-4F58-AE34-217BA138A718}.Debug|Any CPU.Build.0 = Debug|Any CPU
		{2EF83BB9-F4E8-4F58-AE34-217BA138A718}.Release|Any CPU.ActiveCfg = Release|Any CPU
		{2EF83BB9-F4E8-4F58-AE34-217BA138A718}.Release|Any CPU.Build.0 = Release|Any CPU
		{2A24F650-08D8-444F-BD76-CB2A5E47F218}.Debug|Any CPU.ActiveCfg = Debug|Any CPU
		{2A24F650-08D8-444F-BD76-CB2A5E47F218}.Debug|Any CPU.Build.0 = Debug|Any CPU
		{2A24F650-08D8-444F-BD76-CB2A5E47F218}.Release|Any CPU.ActiveCfg = Release|Any CPU
		{2A24F650-08D8-444F-BD76-CB2A5E47F218}.Release|Any CPU.Build.0 = Release|Any CPU
		{C1CDEB6A-32B2-481B-95AB-852945FDB98A}.Debug|Any CPU.ActiveCfg = Debug|Any CPU
		{C1CDEB6A-32B2-481B-95AB-852945FDB98A}.Debug|Any CPU.Build.0 = Debug|Any CPU
		{C1CDEB6A-32B2-481B-95AB-852945FDB98A}.Release|Any CPU.ActiveCfg = Release|Any CPU
		{C1CDEB6A-32B2-481B-95AB-852945FDB98A}.Release|Any CPU.Build.0 = Release|Any CPU
		{D6B58CAB-D0D3-4B98-BC40-881DB1D5BE08}.Debug|Any CPU.ActiveCfg = Debug|Any CPU
		{D6B58CAB-D0D3-4B98-BC40-881DB1D5BE08}.Debug|Any CPU.Build.0 = Debug|Any CPU
		{D6B58CAB-D0D3-4B98-BC40-881DB1D5BE08}.Release|Any CPU.ActiveCfg = Release|Any CPU
		{D6B58CAB-D0D3-4B98-BC40-881DB1D5BE08}.Release|Any CPU.Build.0 = Release|Any CPU
		{B2E33E8B-3824-4CB8-8ACD-A892CF1C51BF}.Debug|Any CPU.ActiveCfg = Debug|Any CPU
		{B2E33E8B-3824-4CB8-8ACD-A892CF1C51BF}.Debug|Any CPU.Build.0 = Debug|Any CPU
		{B2E33E8B-3824-4CB8-8ACD-A892CF1C51BF}.Release|Any CPU.ActiveCfg = Release|Any CPU
		{B2E33E8B-3824-4CB8-8ACD-A892CF1C51BF}.Release|Any CPU.Build.0 = Release|Any CPU
		{51DDB6FE-425E-4406-9DA8-9F7351FEC14B}.Debug|Any CPU.ActiveCfg = Debug|Any CPU
		{51DDB6FE-425E-4406-9DA8-9F7351FEC14B}.Debug|Any CPU.Build.0 = Debug|Any CPU
		{51DDB6FE-425E-4406-9DA8-9F7351FEC14B}.Release|Any CPU.ActiveCfg = Release|Any CPU
		{51DDB6FE-425E-4406-9DA8-9F7351FEC14B}.Release|Any CPU.Build.0 = Release|Any CPU
	EndGlobalSection
	GlobalSection(SolutionProperties) = preSolution
		HideSolutionNode = FALSE
	EndGlobalSection
	GlobalSection(ExtensibilityGlobals) = postSolution
		SolutionGuid = {D81F6990-9841-473D-9294-79F91B929FF0}
	EndGlobalSection
EndGlobal
